Microsoft Visual Studio Solution File, Format Version 12.00
# Visual Studio Version 17
VisualStudioVersion = 17.0.31903.59
MinimumVisualStudioVersion = 10.0.40219.1
Project("{FAE04EC0-301F-11D3-BF4B-00C04F79EFBC}") = "BlastManagement.Api", "src\BlastManagement.Api\BlastManagement.Api.csproj", "{A2A186DB-A4B8-4E9C-B873-B9E8CD662109}"
EndProject
Project("{FAE04EC0-301F-11D3-BF4B-00C04F79EFBC}") = "BlastManagement.Tests", "tests\BlastManagement.Tests\BlastManagement.Tests.csproj", "{A77EC929-3241-4CD4-A619-8A4D20F52556}"
EndProject
Global
	GlobalSection(SolutionConfigurationPlatforms) = preSolution
		Debug|Any CPU = Debug|Any CPU
		Release|Any CPU = Release|Any CPU
	EndGlobalSection
	GlobalSection(ProjectConfigurationPlatforms) = postSolution
		{A2A186DB-A4B8-4E9C-B873-B9E8CD662109}.Debug|Any CPU.ActiveCfg = Debug|Any CPU
		{A2A186DB-A4B8-4E9C-B873-B9E8CD662109}.Debug|Any CPU.Build.0 = Debug|Any CPU
		{A2A186DB-A4B8-4E9C-B873-B9E8CD662109}.Release|Any CPU.ActiveCfg = Release|Any CPU
		{A2A186DB-A4B8-4E9C-B873-B9E8CD662109}.Release|Any CPU.Build.0 = Release|Any CPU
		{A77EC929-3241-4CD4-A619-8A4D20F52556}.Debug|Any CPU.ActiveCfg = Debug|Any CPU
		{A77EC929-3241-4CD4-A619-8A4D20F52556}.Debug|Any CPU.Build.0 = Debug|Any CPU
		{A77EC929-3241-4CD4-A619-8A4D20F52556}.Release|Any CPU.ActiveCfg = Release|Any CPU
		{A77EC929-3241-4CD4-A619-8A4D20F52556}.Release|Any CPU.Build.0 = Release|Any CPU
	EndGlobalSection
EndGlobal
